
Microsoft Visual Studio Solution File, Format Version 12.00
# Visual Studio Version 16
VisualStudioVersion = 16.0.30907.101
MinimumVisualStudioVersion = 10.0.40219.1
Project("{9A19103F-16F7-4668-BE54-9A1E7A4F7556}") = "PublikoWebApp", "PublikoWebApp\PublikoWebApp.csproj", "{D327A044-41A3-4471-ACA4-0158FE7E7395}"
EndProject
Project("{9A19103F-16F7-4668-BE54-9A1E7A4F7556}") = "PublikoAPI", "PublikoAPI\PublikoAPI.csproj", "{658BDF01-0750-4BE5-AAF1-BFC2B2E6EFE8}"
EndProject
Project("{FAE04EC0-301F-11D3-BF4B-00C04F79EFBC}") = "PublikoSharedLibrary", "PublikoSharedLibrary\PublikoSharedLibrary.csproj", "{A9096A00-9C34-4D33-929C-945D0B4157C1}"
EndProject
Global
	GlobalSection(SolutionConfigurationPlatforms) = preSolution
		Debug|Any CPU = Debug|Any CPU
		Release|Any CPU = Release|Any CPU
	EndGlobalSection
	GlobalSection(ProjectConfigurationPlatforms) = postSolution
		{D327A044-41A3-4471-ACA4-0158FE7E7395}.Debug|Any CPU.ActiveCfg = Debug|Any CPU
		{D327A044-41A3-4471-ACA4-0158FE7E7395}.Debug|Any CPU.Build.0 = Debug|Any CPU
		{D327A044-41A3-4471-ACA4-0158FE7E7395}.Release|Any CPU.ActiveCfg = Release|Any CPU
		{D327A044-41A3-4471-ACA4-0158FE7E7395}.Release|Any CPU.Build.0 = Release|Any CPU
		{658BDF01-0750-4BE5-AAF1-BFC2B2E6EFE8}.Debug|Any CPU.ActiveCfg = Debug|Any CPU
		{658BDF01-0750-4BE5-AAF1-BFC2B2E6EFE8}.Debug|Any CPU.Build.0 = Debug|Any CPU
		{658BDF01-0750-4BE5-AAF1-BFC2B2E6EFE8}.Release|Any CPU.ActiveCfg = Release|Any CPU
		{658BDF01-0750-4BE5-AAF1-BFC2B2E6EFE8}.Release|Any CPU.Build.0 = Release|Any CPU
		{A9096A00-9C34-4D33-929C-945D0B4157C1}.Debug|Any CPU.ActiveCfg = Debug|Any CPU
		{A9096A00-9C34-4D33-929C-945D0B4157C1}.Debug|Any CPU.Build.0 = Debug|Any CPU
		{A9096A00-9C34-4D33-929C-945D0B4157C1}.Release|Any CPU.ActiveCfg = Release|Any CPU
		{A9096A00-9C34-4D33-929C-945D0B4157C1}.Release|Any CPU.Build.0 = Release|Any CPU
	EndGlobalSection
	GlobalSection(SolutionProperties) = preSolution
		HideSolutionNode = FALSE
	EndGlobalSection
	GlobalSection(ExtensibilityGlobals) = postSolution
		SolutionGuid = {016CA19C-1CC2-4996-8B45-7F24256124F5}
	EndGlobalSection
EndGlobal
